// !$*UTF8*$!
{
	archiveVersion = 1;
	classes = {
	};
	objectVersion = 46;
	objects = {

/* Begin PBXBuildFile section */
		08E64D6C02483E945B9C8283 /* Pods_TumblrFeed.framework in Frameworks */ = {isa = PBXBuildFile; fileRef = 3848E42AF6B8B59F3AACCAA6 /* Pods_TumblrFeed.framework */; };
		434589721E2E994C00230222 /* PhotoDetailsViewController.swift in Sources */ = {isa = PBXBuildFile; fileRef = 434589711E2E994C00230222 /* PhotoDetailsViewController.swift */; };
		434589741E2EB94700230222 /* InfiniteScrollActivityView.swift in Sources */ = {isa = PBXBuildFile; fileRef = 434589731E2EB94700230222 /* InfiniteScrollActivityView.swift */; };
		438192281E2F3EA60056B76E /* FullScreenPhotoViewController.swift in Sources */ = {isa = PBXBuildFile; fileRef = 438192271E2F3EA60056B76E /* FullScreenPhotoViewController.swift */; };
		43D9F2071E29D7F4005C1904 /* AppDelegate.swift in Sources */ = {isa = PBXBuildFile; fileRef = 43D9F2061E29D7F4005C1904 /* AppDelegate.swift */; };
		43D9F20C1E29D7F4005C1904 /* Main.storyboard in Resources */ = {isa = PBXBuildFile; fileRef = 43D9F20A1E29D7F4005C1904 /* Main.storyboard */; };
		43D9F20E1E29D7F4005C1904 /* Assets.xcassets in Resources */ = {isa = PBXBuildFile; fileRef = 43D9F20D1E29D7F4005C1904 /* Assets.xcassets */; };
		43D9F2111E29D7F4005C1904 /* LaunchScreen.storyboard in Resources */ = {isa = PBXBuildFile; fileRef = 43D9F20F1E29D7F4005C1904 /* LaunchScreen.storyboard */; };
		43D9F2191E29EA7D005C1904 /* PhotosViewController.swift in Sources */ = {isa = PBXBuildFile; fileRef = 43D9F2181E29EA7D005C1904 /* PhotosViewController.swift */; };
		43D9F21F1E2AA636005C1904 /* PhotoCell.swift in Sources */ = {isa = PBXBuildFile; fileRef = 43D9F21E1E2AA636005C1904 /* PhotoCell.swift */; };
/* End PBXBuildFile section */

/* Begin PBXFileReference section */
		3848E42AF6B8B59F3AACCAA6 /* Pods_TumblrFeed.framework */ = {isa = PBXFileReference; explicitFileType = wrapper.framework; includeInIndex = 0; path = Pods_TumblrFeed.framework; sourceTree = BUILT_PRODUCTS_DIR; };
		434589711E2E994C00230222 /* PhotoDetailsViewController.swift */ = {isa = PBXFileReference; fileEncoding = 4; lastKnownFileType = sourcecode.swift; path = PhotoDetailsViewController.swift; sourceTree = "<group>"; };
		434589731E2EB94700230222 /* InfiniteScrollActivityView.swift */ = {isa = PBXFileReference; fileEncoding = 4; lastKnownFileType = sourcecode.swift; path = InfiniteScrollActivityView.swift; sourceTree = "<group>"; };
		438192271E2F3EA60056B76E /* FullScreenPhotoViewController.swift */ = {isa = PBXFileReference; fileEncoding = 4; lastKnownFileType = sourcecode.swift; path = FullScreenPhotoViewController.swift; sourceTree = "<group>"; };
		43D9F2031E29D7F4005C1904 /* TumblrFeed.app */ = {isa = PBXFileReference; explicitFileType = wrapper.application; includeInIndex = 0; path = TumblrFeed.app; sourceTree = BUILT_PRODUCTS_DIR; };
		43D9F2061E29D7F4005C1904 /* AppDelegate.swift */ = {isa = PBXFileReference; lastKnownFileType = sourcecode.swift; path = AppDelegate.swift; sourceTree = "<group>"; };
		43D9F20B1E29D7F4005C1904 /* Base */ = {isa = PBXFileReference; lastKnownFileType = file.storyboard; name = Base; path = Base.lproj/Main.storyboard; sourceTree = "<group>"; };
		43D9F20D1E29D7F4005C1904 /* Assets.xcassets */ = {isa = PBXFileReference; lastKnownFileType = folder.assetcatalog; path = Assets.xcassets; sourceTree = "<group>"; };
		43D9F2101E29D7F4005C1904 /* Base */ = {isa = PBXFileReference; lastKnownFileType = file.storyboard; name = Base; path = Base.lproj/LaunchScreen.storyboard; sourceTree = "<group>"; };
		43D9F2121E29D7F4005C1904 /* Info.plist */ = {isa = PBXFileReference; lastKnownFileType = text.plist.xml; path = Info.plist; sourceTree = "<group>"; };
		43D9F2181E29EA7D005C1904 /* PhotosViewController.swift */ = {isa = PBXFileReference; fileEncoding = 4; lastKnownFileType = sourcecode.swift; path = PhotosViewController.swift; sourceTree = "<group>"; };
		43D9F21E1E2AA636005C1904 /* PhotoCell.swift */ = {isa = PBXFileReference; fileEncoding = 4; lastKnownFileType = sourcecode.swift; path = PhotoCell.swift; sourceTree = "<group>"; };
		500064BC71701BF8C5D3AA6F /* Pods-TumblrFeed.debug.xcconfig */ = {isa = PBXFileReference; includeInIndex = 1; lastKnownFileType = text.xcconfig; name = "Pods-TumblrFeed.debug.xcconfig"; path = "Pods/Target Support Files/Pods-TumblrFeed/Pods-TumblrFeed.debug.xcconfig"; sourceTree = "<group>"; };
		5F8AE0FA0E766873D3DE8D9B /* Pods-TumblrFeed.release.xcconfig */ = {isa = PBXFileReference; includeInIndex = 1; lastKnownFileType = text.xcconfig; name = "Pods-TumblrFeed.release.xcconfig"; path = "Pods/Target Support Files/Pods-TumblrFeed/Pods-TumblrFeed.release.xcconfig"; sourceTree = "<group>"; };
/* End PBXFileReference section */

/* Begin PBXFrameworksBuildPhase section */
		43D9F2001E29D7F4005C1904 /* Frameworks */ = {
			isa = PBXFrameworksBuildPhase;
			buildActionMask = 2147483647;
			files = (
				08E64D6C02483E945B9C8283 /* Pods_TumblrFeed.framework in Frameworks */,
			);
			runOnlyForDeploymentPostprocessing = 0;
		};
/* End PBXFrameworksBuildPhase section */

/* Begin PBXGroup section */
		0E5BE7C2C7EDB918DD4443D1 /* Pods */ = {
			isa = PBXGroup;
			children = (
				500064BC71701BF8C5D3AA6F /* Pods-TumblrFeed.debug.xcconfig */,
				5F8AE0FA0E766873D3DE8D9B /* Pods-TumblrFeed.release.xcconfig */,
			);
			name = Pods;
			sourceTree = "<group>";
		};
		171C5951FAD924B585296E0E /* Frameworks */ = {
			isa = PBXGroup;
			children = (
				3848E42AF6B8B59F3AACCAA6 /* Pods_TumblrFeed.framework */,
			);
			name = Frameworks;
			sourceTree = "<group>";
		};
		434589751E2EB94B00230222 /* Views */ = {
			isa = PBXGroup;
			children = (
				434589731E2EB94700230222 /* InfiniteScrollActivityView.swift */,
			);
			name = Views;
			sourceTree = "<group>";
		};
		43D9F1FA1E29D7F4005C1904 = {
			isa = PBXGroup;
			children = (
				43D9F2051E29D7F4005C1904 /* TumblrFeed */,
				43D9F2041E29D7F4005C1904 /* Products */,
				0E5BE7C2C7EDB918DD4443D1 /* Pods */,
				171C5951FAD924B585296E0E /* Frameworks */,
			);
			sourceTree = "<group>";
		};
		43D9F2041E29D7F4005C1904 /* Products */ = {
			isa = PBXGroup;
			children = (
				43D9F2031E29D7F4005C1904 /* TumblrFeed.app */,
			);
			name = Products;
			sourceTree = "<group>";
		};
		43D9F2051E29D7F4005C1904 /* TumblrFeed */ = {
			isa = PBXGroup;
			children = (
				434589751E2EB94B00230222 /* Views */,
				43D9F21D1E29EFFA005C1904 /* TableViewCell */,
				43D9F21C1E29EFED005C1904 /* ViewControllers */,
				43D9F2061E29D7F4005C1904 /* AppDelegate.swift */,
				43D9F20A1E29D7F4005C1904 /* Main.storyboard */,
				43D9F20D1E29D7F4005C1904 /* Assets.xcassets */,
				43D9F20F1E29D7F4005C1904 /* LaunchScreen.storyboard */,
				43D9F2121E29D7F4005C1904 /* Info.plist */,
			);
			path = TumblrFeed;
			sourceTree = "<group>";
		};
		43D9F21C1E29EFED005C1904 /* ViewControllers */ = {
			isa = PBXGroup;
			children = (
				43D9F2181E29EA7D005C1904 /* PhotosViewController.swift */,
				434589711E2E994C00230222 /* PhotoDetailsViewController.swift */,
				438192271E2F3EA60056B76E /* FullScreenPhotoViewController.swift */,
			);
			name = ViewControllers;
			sourceTree = "<group>";
		};
		43D9F21D1E29EFFA005C1904 /* TableViewCell */ = {
			isa = PBXGroup;
			children = (
				43D9F21E1E2AA636005C1904 /* PhotoCell.swift */,
			);
			name = TableViewCell;
			sourceTree = "<group>";
		};
/* End PBXGroup section */

/* Begin PBXNativeTarget section */
		43D9F2021E29D7F4005C1904 /* TumblrFeed */ = {
			isa = PBXNativeTarget;
			buildConfigurationList = 43D9F2151E29D7F4005C1904 /* Build configuration list for PBXNativeTarget "TumblrFeed" */;
			buildPhases = (
				2354788B076E3397639370C6 /* [CP] Check Pods Manifest.lock */,
				43D9F1FF1E29D7F4005C1904 /* Sources */,
				43D9F2001E29D7F4005C1904 /* Frameworks */,
				43D9F2011E29D7F4005C1904 /* Resources */,
				4B584F6943877F5DFB86FA85 /* [CP] Embed Pods Frameworks */,
				65B763BECED1CA4AE75BFD9B /* [CP] Copy Pods Resources */,
			);
			buildRules = (
			);
			dependencies = (
			);
			name = TumblrFeed;
			productName = TumblrFeed;
			productReference = 43D9F2031E29D7F4005C1904 /* TumblrFeed.app */;
			productType = "com.apple.product-type.application";
		};
/* End PBXNativeTarget section */

/* Begin PBXProject section */
		43D9F1FB1E29D7F4005C1904 /* Project object */ = {
			isa = PBXProject;
			attributes = {
				LastSwiftUpdateCheck = 0820;
				LastUpgradeCheck = 0820;
				ORGANIZATIONNAME = "Matthew Lee";
				TargetAttributes = {
					43D9F2021E29D7F4005C1904 = {
						CreatedOnToolsVersion = 8.2.1;
						DevelopmentTeam = 3N89MDGQGG;
						ProvisioningStyle = Automatic;
					};
				};
			};
			buildConfigurationList = 43D9F1FE1E29D7F4005C1904 /* Build configuration list for PBXProject "TumblrFeed" */;
			compatibilityVersion = "Xcode 3.2";
			developmentRegion = English;
			hasScannedForEncodings = 0;
			knownRegions = (
				en,
				Base,
			);
			mainGroup = 43D9F1FA1E29D7F4005C1904;
			productRefGroup = 43D9F2041E29D7F4005C1904 /* Products */;
			projectDirPath = "";
			projectRoot = "";
			targets = (
				43D9F2021E29D7F4005C1904 /* TumblrFeed */,
			);
		};
/* End PBXProject section */

/* Begin PBXResourcesBuildPhase section */
		43D9F2011E29D7F4005C1904 /* Resources */ = {
			isa = PBXResourcesBuildPhase;
			buildActionMask = 2147483647;
			files = (
				43D9F2111E29D7F4005C1904 /* LaunchScreen.storyboard in Resources */,
				43D9F20E1E29D7F4005C1904 /* Assets.xcassets in Resources */,
				43D9F20C1E29D7F4005C1904 /* Main.storyboard in Resources */,
			);
			runOnlyForDeploymentPostprocessing = 0;
		};
/* End PBXResourcesBuildPhase section */

/* Begin PBXShellScriptBuildPhase section */
		2354788B076E3397639370C6 /* [CP] Check Pods Manifest.lock */ = {
			isa = PBXShellScriptBuildPhase;
			buildActionMask = 2147483647;
			files = (
			);
			inputPaths = (
			);
			name = "[CP] Check Pods Manifest.lock";
			outputPaths = (
			);
			runOnlyForDeploymentPostprocessing = 0;
			shellPath = /bin/sh;
			shellScript = "diff \"${PODS_ROOT}/../Podfile.lock\" \"${PODS_ROOT}/Manifest.lock\" > /dev/null\nif [ $? != 0 ] ; then\n    # print error to STDERR\n    echo \"error: The sandbox is not in sync with the Podfile.lock. Run 'pod install' or update your CocoaPods installation.\" >&2\n    exit 1\nfi\n";
			showEnvVarsInLog = 0;
		};
		4B584F6943877F5DFB86FA85 /* [CP] Embed Pods Frameworks */ = {
			isa = PBXShellScriptBuildPhase;
			buildActionMask = 2147483647;
			files = (
			);
			inputPaths = (
			);
			name = "[CP] Embed Pods Frameworks";
			outputPaths = (
			);
			runOnlyForDeploymentPostprocessing = 0;
			shellPath = /bin/sh;
			shellScript = "\"${SRCROOT}/Pods/Target Support Files/Pods-TumblrFeed/Pods-TumblrFeed-frameworks.sh\"\n";
			showEnvVarsInLog = 0;
		};
		65B763BECED1CA4AE75BFD9B /* [CP] Copy Pods Resources */ = {
			isa = PBXShellScriptBuildPhase;
			buildActionMask = 2147483647;
			files = (
			);
			inputPaths = (
			);
			name = "[CP] Copy Pods Resources";
			outputPaths = (
			);
			runOnlyForDeploymentPostprocessing = 0;
			shellPath = /bin/sh;
			shellScript = "\"${SRCROOT}/Pods/Target Support Files/Pods-TumblrFeed/Pods-TumblrFeed-resources.sh\"\n";
			showEnvVarsInLog = 0;
		};
/* End PBXShellScriptBuildPhase section */

/* Begin PBXSourcesBuildPhase section */
		43D9F1FF1E29D7F4005C1904 /* Sources */ = {
			isa = PBXSourcesBuildPhase;
			buildActionMask = 2147483647;
			files = (
				434589741E2EB94700230222 /* InfiniteScrollActivityView.swift in Sources */,
				434589721E2E994C00230222 /* PhotoDetailsViewController.swift in Sources */,
				43D9F2071E29D7F4005C1904 /* AppDelegate.swift in Sources */,
				43D9F21F1E2AA636005C1904 /* PhotoCell.swift in Sources */,
				438192281E2F3EA60056B76E /* FullScreenPhotoViewController.swift in Sources */,
				43D9F2191E29EA7D005C1904 /* PhotosViewController.swift in Sources */,
			);
			runOnlyForDeploymentPostprocessing = 0;
		};
/* End PBXSourcesBuildPhase section */

/* Begin PBXVariantGroup section */
		43D9F20A1E29D7F4005C1904 /* Main.storyboard */ = {
			isa = PBXVariantGroup;
			children = (
				43D9F20B1E29D7F4005C1904 /* Base */,
			);
			name = Main.storyboard;
			sourceTree = "<group>";
		};
		43D9F20F1E29D7F4005C1904 /* LaunchScreen.storyboard */ = {
			isa = PBXVariantGroup;
			children = (
				43D9F2101E29D7F4005C1904 /* Base */,
			);
			name = LaunchScreen.storyboard;
			sourceTree = "<group>";
		};
/* End PBXVariantGroup section */

/* Begin XCBuildConfiguration section */
		43D9F2131E29D7F4005C1904 /* Debug */ = {
			isa = XCBuildConfiguration;
			buildSettings = {
				ALWAYS_SEARCH_USER_PATHS = NO;
				CLANG_ANALYZER_NONNULL = YES;
				CLANG_CXX_LANGUAGE_STANDARD = "gnu++0x";
				CLANG_CXX_LIBRARY = "libc++";
				CLANG_ENABLE_MODULES = YES;
				CLANG_ENABLE_OBJC_ARC = YES;
				CLANG_WARN_BOOL_CONVERSION = YES;
				CLANG_WARN_CONSTANT_CONVERSION = YES;
				CLANG_WARN_DIRECT_OBJC_ISA_USAGE = YES_ERROR;
				CLANG_WARN_DOCUMENTATION_COMMENTS = YES;
				CLANG_WARN_EMPTY_BODY = YES;
				CLANG_WARN_ENUM_CONVERSION = YES;
				CLANG_WARN_INFINITE_RECURSION = YES;
				CLANG_WARN_INT_CONVERSION = YES;
				CLANG_WARN_OBJC_ROOT_CLASS = YES_ERROR;
				CLANG_WARN_SUSPICIOUS_MOVE = YES;
				CLANG_WARN_UNREACHABLE_CODE = YES;
				CLANG_WARN__DUPLICATE_METHOD_MATCH = YES;
				"CODE_SIGN_IDENTITY[sdk=iphoneos*]" = "iPhone Developer";
				COPY_PHASE_STRIP = NO;
				DEBUG_INFORMATION_FORMAT = dwarf;
				ENABLE_STRICT_OBJC_MSGSEND = YES;
				ENABLE_TESTABILITY = YES;
				GCC_C_LANGUAGE_STANDARD = gnu99;
				GCC_DYNAMIC_NO_PIC = NO;
				GCC_NO_COMMON_BLOCKS = YES;
				GCC_OPTIMIZATION_LEVEL = 0;
				GCC_PREPROCESSOR_DEFINITIONS = (
					"DEBUG=1",
					"$(inherited)",
				);
				GCC_WARN_64_TO_32_BIT_CONVERSION = YES;
				GCC_WARN_ABOUT_RETURN_TYPE = YES_ERROR;
				GCC_WARN_UNDECLARED_SELECTOR = YES;
				GCC_WARN_UNINITIALIZED_AUTOS = YES_AGGRESSIVE;
				GCC_WARN_UNUSED_FUNCTION = YES;
				GCC_WARN_UNUSED_VARIABLE = YES;
				IPHONEOS_DEPLOYMENT_TARGET = 10.2;
				MTL_ENABLE_DEBUG_INFO = YES;
				ONLY_ACTIVE_ARCH = YES;
				SDKROOT = iphoneos;
				SWIFT_ACTIVE_COMPILATION_CONDITIONS = DEBUG;
				SWIFT_OPTIMIZATION_LEVEL = "-Onone";
			};
			name = Debug;
		};
		43D9F2141E29D7F4005C1904 /* Release */ = {
			isa = XCBuildConfiguration;
			buildSettings = {
				ALWAYS_SEARCH_USER_PATHS = NO;
				CLANG_ANALYZER_NONNULL = YES;
				CLANG_CXX_LANGUAGE_STANDARD = "gnu++0x";
				CLANG_CXX_LIBRARY = "libc++";
				CLANG_ENABLE_MODULES = YES;
				CLANG_ENABLE_OBJC_ARC = YES;
				CLANG_WARN_BOOL_CONVERSION = YES;
				CLANG_WARN_CONSTANT_CONVERSION = YES;
				CLANG_WARN_DIRECT_OBJC_ISA_USAGE = YES_ERROR;
				CLANG_WARN_DOCUMENTATION_COMMENTS = YES;
				CLANG_WARN_EMPTY_BODY = YES;
				CLANG_WARN_ENUM_CONVERSION = YES;
				CLANG_WARN_INFINITE_RECURSION = YES;
				CLANG_WARN_INT_CONVERSION = YES;
				CLANG_WARN_OBJC_ROOT_CLASS = YES_ERROR;
				CLANG_WARN_SUSPICIOUS_MOVE = YES;
				CLANG_WARN_UNREACHABLE_CODE = YES;
				CLANG_WARN__DUPLICATE_METHOD_MATCH = YES;
				"CODE_SIGN_IDENTITY[sdk=iphoneos*]" = "iPhone Developer";
				COPY_PHASE_STRIP = NO;
				DEBUG_INFORMATION_FORMAT = "dwarf-with-dsym";
				ENABLE_NS_ASSERTIONS = NO;
				ENABLE_STRICT_OBJC_MSGSEND = YES;
				GCC_C_LANGUAGE_STANDARD = gnu99;
				GCC_NO_COMMON_BLOCKS = YES;
				GCC_WARN_64_TO_32_BIT_CONVERSION = YES;
				GCC_WARN_ABOUT_RETURN_TYPE = YES_ERROR;
				GCC_WARN_UNDECLARED_SELECTOR = YES;
				GCC_WARN_UNINITIALIZED_AUTOS = YES_AGGRESSIVE;
				GCC_WARN_UNUSED_FUNCTION = YES;
				GCC_WARN_UNUSED_VARIABLE = YES;
				IPHONEOS_DEPLOYMENT_TARGET = 10.2;
				MTL_ENABLE_DEBUG_INFO = NO;
				SDKROOT = iphoneos;
				SWIFT_OPTIMIZATION_LEVEL = "-Owholemodule";
				VALIDATE_PRODUCT = YES;
			};
			name = Release;
		};
		43D9F2161E29D7F4005C1904 /* Debug */ = {
			isa = XCBuildConfiguration;
			baseConfigurationReference = 500064BC71701BF8C5D3AA6F /* Pods-TumblrFeed.debug.xcconfig */;
			buildSettings = {
				ASSETCATALOG_COMPILER_APPICON_NAME = AppIcon;
				DEVELOPMENT_TEAM = 3N89MDGQGG;
				INFOPLIST_FILE = TumblrFeed/Info.plist;
				LD_RUNPATH_SEARCH_PATHS = "$(inherited) @executable_path/Frameworks";
				PRODUCT_BUNDLE_IDENTIFIER = com.matthewjunelee.TumblrFeed;
				PRODUCT_NAME = "$(TARGET_NAME)";
				SWIFT_VERSION = 3.0;
			};
			name = Debug;
		};
		43D9F2171E29D7F4005C1904 /* Release */ = {
			isa = XCBuildConfiguration;
			baseConfigurationReference = 5F8AE0FA0E766873D3DE8D9B /* Pods-TumblrFeed.release.xcconfig */;
			buildSettings = {
				ASSETCATALOG_COMPILER_APPICON_NAME = AppIcon;
				DEVELOPMENT_TEAM = 3N89MDGQGG;
				INFOPLIST_FILE = TumblrFeed/Info.plist;
				LD_RUNPATH_SEARCH_PATHS = "$(inherited) @executable_path/Frameworks";
				PRODUCT_BUNDLE_IDENTIFIER = com.matthewjunelee.TumblrFeed;
				PRODUCT_NAME = "$(TARGET_NAME)";
				SWIFT_VERSION = 3.0;
			};
			name = Release;
		};
/* End XCBuildConfiguration section */

/* Begin XCConfigurationList section */
		43D9F1FE1E29D7F4005C1904 /* Build configuration list for PBXProject "TumblrFeed" */ = {
			isa = XCConfigurationList;
			buildConfigurations = (
				43D9F2131E29D7F4005C1904 /* Debug */,
				43D9F2141E29D7F4005C1904 /* Release */,
			);
			defaultConfigurationIsVisible = 0;
			defaultConfigurationName = Release;
		};
		43D9F2151E29D7F4005C1904 /* Build configuration list for PBXNativeTarget "TumblrFeed" */ = {
			isa = XCConfigurationList;
			buildConfigurations = (
				43D9F2161E29D7F4005C1904 /* Debug */,
				43D9F2171E29D7F4005C1904 /* Release */,
			);
			defaultConfigurationIsVisible = 0;
			defaultConfigurationName = Release;
		};
/* End XCConfigurationList section */
	};
	rootObject = 43D9F1FB1E29D7F4005C1904 /* Project object */;
}
